
Microsoft Visual Studio Solution File, Format Version 12.00
# Visual Studio Version 17
VisualStudioVersion = 17.7.34031.279
MinimumVisualStudioVersion = 10.0.40219.1
Project("{FAE04EC0-301F-11D3-BF4B-00C04F79EFBC}") = "Kreata.Backend", "Kreata.Backend.csproj", "{1690C7C6-8BE3-4BE1-9F98-D4989D52DF8A}"
EndProject
Global
	GlobalSection(SolutionConfigurationPlatforms) = preSolution
		Debug|Any CPU = Debug|Any CPU
		Release|Any CPU = Release|Any CPU
	EndGlobalSection
	GlobalSection(ProjectConfigurationPlatforms) = postSolution
		{1690C7C6-8BE3-4BE1-9F98-D4989D52DF8A}.Debug|Any CPU.ActiveCfg = Debug|Any CPU
		{1690C7C6-8BE3-4BE1-9F98-D4989D52DF8A}.Debug|Any CPU.Build.0 = Debug|Any CPU
		{1690C7C6-8BE3-4BE1-9F98-D4989D52DF8A}.Release|Any CPU.ActiveCfg = Release|Any CPU
		{1690C7C6-8BE3-4BE1-9F98-D4989D52DF8A}.Release|Any CPU.Build.0 = Release|Any CPU
	EndGlobalSection
	GlobalSection(SolutionProperties) = preSolution
		HideSolutionNode = FALSE
	EndGlobalSection
	GlobalSection(ExtensibilityGlobals) = postSolution
		SolutionGuid = {4EC727AF-7465-438F-901F-465DA3D710EB}
	EndGlobalSection
EndGlobal
